
Microsoft Visual Studio Solution File, Format Version 12.00
# Visual Studio Version 17
VisualStudioVersion = 17.0.31903.59
MinimumVisualStudioVersion = 10.0.40219.1
Project("{FAE04EC0-301F-11D3-BF4B-00C04F79EFBC}") = "Ex01_Hello", "Ex01_Hello\Ex01_Hello.csproj", "{13612A5D-F067-4F46-9310-D7C436D5BA9B}"
EndProject
Project("{FAE04EC0-301F-11D3-BF4B-00C04F79EFBC}") = "Ex02_SomaDoisNumeros", "Ex02_SomaDoisNumeros\Ex02_SomaDoisNumeros.csproj", "{3A9DC149-5475-4053-881F-04E2B56D8D25}"
EndProject
Project("{FAE04EC0-301F-11D3-BF4B-00C04F79EFBC}") = "Ex03_CelsiusToFahrenheit", "Ex03_CelsiusToFahrenheit\Ex03_CelsiusToFahrenheit.csproj", "{62FA9739-614F-4F54-BA6D-D75E43D52AB3}"
EndProject
Project("{FAE04EC0-301F-11D3-BF4B-00C04F79EFBC}") = "Ex04_ParOuImpar", "Ex04_ParOuImpar\Ex04_ParOuImpar.csproj", "{9EFF40E3-F042-416D-9009-410426A76E28}"
EndProject
Project("{FAE04EC0-301F-11D3-BF4B-00C04F79EFBC}") = "Ex05_CalculadoraSimples", "Ex05_CalculadoraSimples\Ex05_CalculadoraSimples.csproj", "{740486C3-9A9C-4FD3-844A-299EC6F64A3C}"
EndProject
Project("{FAE04EC0-301F-11D3-BF4B-00C04F79EFBC}") = "Ex06_AreaCirculo", "Ex06_AreaCirculo\Ex06_AreaCirculo.csproj", "{114538A9-F655-4F62-957D-958865DD7EAF}"
EndProject
Project("{FAE04EC0-301F-11D3-BF4B-00C04F79EFBC}") = "Ex07_QtdPositivos", "Ex07_QtdPositivos\Ex07_QtdPositivos.csproj", "{7BB28B74-56C6-4826-8A45-1F2371717CC7}"
EndProject
Project("{FAE04EC0-301F-11D3-BF4B-00C04F79EFBC}") = "Ex08_Somatorio", "Ex08_Somatorio\Ex08_Somatorio.csproj", "{36D0B0DF-0D41-43C9-BFD4-E9CD930135BE}"
EndProject
Project("{FAE04EC0-301F-11D3-BF4B-00C04F79EFBC}") = "Ex09_Fatorial", "Ex09_Fatorial\Ex09_Fatorial.csproj", "{57585EF1-9083-4FAC-B3ED-ECD4FBDE941F}"
EndProject
Project("{FAE04EC0-301F-11D3-BF4B-00C04F79EFBC}") = "Ex10_Fibonacci", "Ex10_Fibonacci\Ex10_Fibonacci.csproj", "{821DDEB8-240F-45F1-9057-8D2BCCBB8F5E}"
EndProject
Project("{FAE04EC0-301F-11D3-BF4B-00C04F79EFBC}") = "Ex11_InverterNumero", "Ex11_InverterNumero\Ex11_InverterNumero.csproj", "{4AB4CF31-68AB-489A-B649-AC89E67F0248}"
EndProject
Project("{FAE04EC0-301F-11D3-BF4B-00C04F79EFBC}") = "Ex12_Tabuada", "Ex12_Tabuada\Ex12_Tabuada.csproj", "{E433DD5A-3752-459E-9D95-997118EFD7B7}"
EndProject
Project("{FAE04EC0-301F-11D3-BF4B-00C04F79EFBC}") = "Ex13_MaiorMenorArray", "Ex13_MaiorMenorArray\Ex13_MaiorMenorArray.csproj", "{E93E21EE-D681-4AC0-A558-561A6D94127F}"
EndProject
Project("{FAE04EC0-301F-11D3-BF4B-00C04F79EFBC}") = "Ex14_SomaMediaArray", "Ex14_SomaMediaArray\Ex14_SomaMediaArray.csproj", "{E0E099CB-D69A-42B2-B04D-7C9FED0B1B0F}"
EndProject
Project("{FAE04EC0-301F-11D3-BF4B-00C04F79EFBC}") = "Ex15_ContarVogais", "Ex15_ContarVogais\Ex15_ContarVogais.csproj", "{03DE7B65-A56E-4705-81C3-8906461CAA7F}"
EndProject
Project("{FAE04EC0-301F-11D3-BF4B-00C04F79EFBC}") = "Ex16_Palindromo", "Ex16_Palindromo\Ex16_Palindromo.csproj", "{4F9D9F6B-C96E-42B5-BE07-DB99B9D4964C}"
EndProject
Project("{FAE04EC0-301F-11D3-BF4B-00C04F79EFBC}") = "Ex17_BubbleSort", "Ex17_BubbleSort\Ex17_BubbleSort.csproj", "{1006DED9-9688-417F-B5B9-62D0E8493ADE}"
EndProject
Project("{FAE04EC0-301F-11D3-BF4B-00C04F79EFBC}") = "Ex18_IsPrime", "Ex18_IsPrime\Ex18_IsPrime.csproj", "{F40EB7A1-5EE4-4193-8180-82165DACCA00}"
EndProject
Project("{FAE04EC0-301F-11D3-BF4B-00C04F79EFBC}") = "Ex19_SomarDigitosRecursivo", "Ex19_SomarDigitosRecursivo\Ex19_SomarDigitosRecursivo.csproj", "{55398DAA-DFC0-43BF-BE3E-AC16431720CE}"
EndProject
Project("{FAE04EC0-301F-11D3-BF4B-00C04F79EFBC}") = "Ex20_RecursaoSomatorio", "Ex20_RecursaoSomatorio\Ex20_RecursaoSomatorio.csproj", "{C1F9789D-B77E-4EEA-BADC-48F0C0A7974A}"
EndProject
Project("{FAE04EC0-301F-11D3-BF4B-00C04F79EFBC}") = "Ex21_ClassePessoa", "Ex21_ClassePessoa\Ex21_ClassePessoa.csproj", "{35B0CA99-D12C-4821-BBD4-BA4389319279}"
EndProject
Project("{FAE04EC0-301F-11D3-BF4B-00C04F79EFBC}") = "Ex22_ContaBancaria", "Ex22_ContaBancaria\Ex22_ContaBancaria.csproj", "{00A139C6-4AE7-4459-87F2-2B5D810EB1AC}"
EndProject
Project("{FAE04EC0-301F-11D3-BF4B-00C04F79EFBC}") = "Ex23_ListaAlunos", "Ex23_ListaAlunos\Ex23_ListaAlunos.csproj", "{9EF33C95-4839-4B41-B584-7B99A1C652C7}"
EndProject
Project("{FAE04EC0-301F-11D3-BF4B-00C04F79EFBC}") = "Ex24_GuessingGame", "Ex24_GuessingGame\Ex24_GuessingGame.csproj", "{53C4778C-9C4F-4D4F-8BFE-F49514160489}"
EndProject
Project("{FAE04EC0-301F-11D3-BF4B-00C04F79EFBC}") = "Ex25_AgendaSimples", "Ex25_AgendaSimples\Ex25_AgendaSimples.csproj", "{3D3396D0-4478-48E1-A813-1890ADFD1A98}"
EndProject
Project("{FAE04EC0-301F-11D3-BF4B-00C04F79EFBC}") = "Ex26_ValidadorSenha", "Ex26_ValidadorSenha\Ex26_ValidadorSenha.csproj", "{A54A984F-E3F9-433C-8225-CBE9AB969823}"
EndProject
Global
	GlobalSection(SolutionConfigurationPlatforms) = preSolution
		Debug|Any CPU = Debug|Any CPU
		Debug|x64 = Debug|x64
		Debug|x86 = Debug|x86
		Release|Any CPU = Release|Any CPU
		Release|x64 = Release|x64
		Release|x86 = Release|x86
	EndGlobalSection
	GlobalSection(ProjectConfigurationPlatforms) = postSolution
		{13612A5D-F067-4F46-9310-D7C436D5BA9B}.Debug|Any CPU.ActiveCfg = Debug|Any CPU
		{13612A5D-F067-4F46-9310-D7C436D5BA9B}.Debug|Any CPU.Build.0 = Debug|Any CPU
		{13612A5D-F067-4F46-9310-D7C436D5BA9B}.Debug|x64.ActiveCfg = Debug|Any CPU
		{13612A5D-F067-4F46-9310-D7C436D5BA9B}.Debug|x64.Build.0 = Debug|Any CPU
		{13612A5D-F067-4F46-9310-D7C436D5BA9B}.Debug|x86.ActiveCfg = Debug|Any CPU
		{13612A5D-F067-4F46-9310-D7C436D5BA9B}.Debug|x86.Build.0 = Debug|Any CPU
		{13612A5D-F067-4F46-9310-D7C436D5BA9B}.Release|Any CPU.ActiveCfg = Release|Any CPU
		{13612A5D-F067-4F46-9310-D7C436D5BA9B}.Release|Any CPU.Build.0 = Release|Any CPU
		{13612A5D-F067-4F46-9310-D7C436D5BA9B}.Release|x64.ActiveCfg = Release|Any CPU
		{13612A5D-F067-4F46-9310-D7C436D5BA9B}.Release|x64.Build.0 = Release|Any CPU
		{13612A5D-F067-4F46-9310-D7C436D5BA9B}.Release|x86.ActiveCfg = Release|Any CPU
		{13612A5D-F067-4F46-9310-D7C436D5BA9B}.Release|x86.Build.0 = Release|Any CPU
		{3A9DC149-5475-4053-881F-04E2B56D8D25}.Debug|Any CPU.ActiveCfg = Debug|Any CPU
		{3A9DC149-5475-4053-881F-04E2B56D8D25}.Debug|Any CPU.Build.0 = Debug|Any CPU
		{3A9DC149-5475-4053-881F-04E2B56D8D25}.Debug|x64.ActiveCfg = Debug|Any CPU
		{3A9DC149-5475-4053-881F-04E2B56D8D25}.Debug|x64.Build.0 = Debug|Any CPU
		{3A9DC149-5475-4053-881F-04E2B56D8D25}.Debug|x86.ActiveCfg = Debug|Any CPU
		{3A9DC149-5475-4053-881F-04E2B56D8D25}.Debug|x86.Build.0 = Debug|Any CPU
		{3A9DC149-5475-4053-881F-04E2B56D8D25}.Release|Any CPU.ActiveCfg = Release|Any CPU
		{3A9DC149-5475-4053-881F-04E2B56D8D25}.Release|Any CPU.Build.0 = Release|Any CPU
		{3A9DC149-5475-4053-881F-04E2B56D8D25}.Release|x64.ActiveCfg = Release|Any CPU
		{3A9DC149-5475-4053-881F-04E2B56D8D25}.Release|x64.Build.0 = Release|Any CPU
		{3A9DC149-5475-4053-881F-04E2B56D8D25}.Release|x86.ActiveCfg = Release|Any CPU
		{3A9DC149-5475-4053-881F-04E2B56D8D25}.Release|x86.Build.0 = Release|Any CPU
		{62FA9739-614F-4F54-BA6D-D75E43D52AB3}.Debug|Any CPU.ActiveCfg = Debug|Any CPU
		{62FA9739-614F-4F54-BA6D-D75E43D52AB3}.Debug|Any CPU.Build.0 = Debug|Any CPU
		{62FA9739-614F-4F54-BA6D-D75E43D52AB3}.Debug|x64.ActiveCfg = Debug|Any CPU
		{62FA9739-614F-4F54-BA6D-D75E43D52AB3}.Debug|x64.Build.0 = Debug|Any CPU
		{62FA9739-614F-4F54-BA6D-D75E43D52AB3}.Debug|x86.ActiveCfg = Debug|Any CPU
		{62FA9739-614F-4F54-BA6D-D75E43D52AB3}.Debug|x86.Build.0 = Debug|Any CPU
		{62FA9739-614F-4F54-BA6D-D75E43D52AB3}.Release|Any CPU.ActiveCfg = Release|Any CPU
		{62FA9739-614F-4F54-BA6D-D75E43D52AB3}.Release|Any CPU.Build.0 = Release|Any CPU
		{62FA9739-614F-4F54-BA6D-D75E43D52AB3}.Release|x64.ActiveCfg = Release|Any CPU
		{62FA9739-614F-4F54-BA6D-D75E43D52AB3}.Release|x64.Build.0 = Release|Any CPU
		{62FA9739-614F-4F54-BA6D-D75E43D52AB3}.Release|x86.ActiveCfg = Release|Any CPU
		{62FA9739-614F-4F54-BA6D-D75E43D52AB3}.Release|x86.Build.0 = Release|Any CPU
		{9EFF40E3-F042-416D-9009-410426A76E28}.Debug|Any CPU.ActiveCfg = Debug|Any CPU
		{9EFF40E3-F042-416D-9009-410426A76E28}.Debug|Any CPU.Build.0 = Debug|Any CPU
		{9EFF40E3-F042-416D-9009-410426A76E28}.Debug|x64.ActiveCfg = Debug|Any CPU
		{9EFF40E3-F042-416D-9009-410426A76E28}.Debug|x64.Build.0 = Debug|Any CPU
		{9EFF40E3-F042-416D-9009-410426A76E28}.Debug|x86.ActiveCfg = Debug|Any CPU
		{9EFF40E3-F042-416D-9009-410426A76E28}.Debug|x86.Build.0 = Debug|Any CPU
		{9EFF40E3-F042-416D-9009-410426A76E28}.Release|Any CPU.ActiveCfg = Release|Any CPU
		{9EFF40E3-F042-416D-9009-410426A76E28}.Release|Any CPU.Build.0 = Release|Any CPU
		{9EFF40E3-F042-416D-9009-410426A76E28}.Release|x64.ActiveCfg = Release|Any CPU
		{9EFF40E3-F042-416D-9009-410426A76E28}.Release|x64.Build.0 = Release|Any CPU
		{9EFF40E3-F042-416D-9009-410426A76E28}.Release|x86.ActiveCfg = Release|Any CPU
		{9EFF40E3-F042-416D-9009-410426A76E28}.Release|x86.Build.0 = Release|Any CPU
		{740486C3-9A9C-4FD3-844A-299EC6F64A3C}.Debug|Any CPU.ActiveCfg = Debug|Any CPU
		{740486C3-9A9C-4FD3-844A-299EC6F64A3C}.Debug|Any CPU.Build.0 = Debug|Any CPU
		{740486C3-9A9C-4FD3-844A-299EC6F64A3C}.Debug|x64.ActiveCfg = Debug|Any CPU
		{740486C3-9A9C-4FD3-844A-299EC6F64A3C}.Debug|x64.Build.0 = Debug|Any CPU
		{740486C3-9A9C-4FD3-844A-299EC6F64A3C}.Debug|x86.ActiveCfg = Debug|Any CPU
		{740486C3-9A9C-4FD3-844A-299EC6F64A3C}.Debug|x86.Build.0 = Debug|Any CPU
		{740486C3-9A9C-4FD3-844A-299EC6F64A3C}.Release|Any CPU.ActiveCfg = Release|Any CPU
		{740486C3-9A9C-4FD3-844A-299EC6F64A3C}.Release|Any CPU.Build.0 = Release|Any CPU
		{740486C3-9A9C-4FD3-844A-299EC6F64A3C}.Release|x64.ActiveCfg = Release|Any CPU
		{740486C3-9A9C-4FD3-844A-299EC6F64A3C}.Release|x64.Build.0 = Release|Any CPU
		{740486C3-9A9C-4FD3-844A-299EC6F64A3C}.Release|x86.ActiveCfg = Release|Any CPU
		{740486C3-9A9C-4FD3-844A-299EC6F64A3C}.Release|x86.Build.0 = Release|Any CPU
		{114538A9-F655-4F62-957D-958865DD7EAF}.Debug|Any CPU.ActiveCfg = Debug|Any CPU
		{114538A9-F655-4F62-957D-958865DD7EAF}.Debug|Any CPU.Build.0 = Debug|Any CPU
		{114538A9-F655-4F62-957D-958865DD7EAF}.Debug|x64.ActiveCfg = Debug|Any CPU
		{114538A9-F655-4F62-957D-958865DD7EAF}.Debug|x64.Build.0 = Debug|Any CPU
		{114538A9-F655-4F62-957D-958865DD7EAF}.Debug|x86.ActiveCfg = Debug|Any CPU
		{114538A9-F655-4F62-957D-958865DD7EAF}.Debug|x86.Build.0 = Debug|Any CPU
		{114538A9-F655-4F62-957D-958865DD7EAF}.Release|Any CPU.ActiveCfg = Release|Any CPU
		{114538A9-F655-4F62-957D-958865DD7EAF}.Release|Any CPU.Build.0 = Release|Any CPU
		{114538A9-F655-4F62-957D-958865DD7EAF}.Release|x64.ActiveCfg = Release|Any CPU
		{114538A9-F655-4F62-957D-958865DD7EAF}.Release|x64.Build.0 = Release|Any CPU
		{114538A9-F655-4F62-957D-958865DD7EAF}.Release|x86.ActiveCfg = Release|Any CPU
		{114538A9-F655-4F62-957D-958865DD7EAF}.Release|x86.Build.0 = Release|Any CPU
		{7BB28B74-56C6-4826-8A45-1F2371717CC7}.Debug|Any CPU.ActiveCfg = Debug|Any CPU
		{7BB28B74-56C6-4826-8A45-1F2371717CC7}.Debug|Any CPU.Build.0 = Debug|Any CPU
		{7BB28B74-56C6-4826-8A45-1F2371717CC7}.Debug|x64.ActiveCfg = Debug|Any CPU
		{7BB28B74-56C6-4826-8A45-1F2371717CC7}.Debug|x64.Build.0 = Debug|Any CPU
		{7BB28B74-56C6-4826-8A45-1F2371717CC7}.Debug|x86.ActiveCfg = Debug|Any CPU
		{7BB28B74-56C6-4826-8A45-1F2371717CC7}.Debug|x86.Build.0 = Debug|Any CPU
		{7BB28B74-56C6-4826-8A45-1F2371717CC7}.Release|Any CPU.ActiveCfg = Release|Any CPU
		{7BB28B74-56C6-4826-8A45-1F2371717CC7}.Release|Any CPU.Build.0 = Release|Any CPU
		{7BB28B74-56C6-4826-8A45-1F2371717CC7}.Release|x64.ActiveCfg = Release|Any CPU
		{7BB28B74-56C6-4826-8A45-1F2371717CC7}.Release|x64.Build.0 = Release|Any CPU
		{7BB28B74-56C6-4826-8A45-1F2371717CC7}.Release|x86.ActiveCfg = Release|Any CPU
		{7BB28B74-56C6-4826-8A45-1F2371717CC7}.Release|x86.Build.0 = Release|Any CPU
		{36D0B0DF-0D41-43C9-BFD4-E9CD930135BE}.Debug|Any CPU.ActiveCfg = Debug|Any CPU
		{36D0B0DF-0D41-43C9-BFD4-E9CD930135BE}.Debug|Any CPU.Build.0 = Debug|Any CPU
		{36D0B0DF-0D41-43C9-BFD4-E9CD930135BE}.Debug|x64.ActiveCfg = Debug|Any CPU
		{36D0B0DF-0D41-43C9-BFD4-E9CD930135BE}.Debug|x64.Build.0 = Debug|Any CPU
		{36D0B0DF-0D41-43C9-BFD4-E9CD930135BE}.Debug|x86.ActiveCfg = Debug|Any CPU
		{36D0B0DF-0D41-43C9-BFD4-E9CD930135BE}.Debug|x86.Build.0 = Debug|Any CPU
		{36D0B0DF-0D41-43C9-BFD4-E9CD930135BE}.Release|Any CPU.ActiveCfg = Release|Any CPU
		{36D0B0DF-0D41-43C9-BFD4-E9CD930135BE}.Release|Any CPU.Build.0 = Release|Any CPU
		{36D0B0DF-0D41-43C9-BFD4-E9CD930135BE}.Release|x64.ActiveCfg = Release|Any CPU
		{36D0B0DF-0D41-43C9-BFD4-E9CD930135BE}.Release|x64.Build.0 = Release|Any CPU
		{36D0B0DF-0D41-43C9-BFD4-E9CD930135BE}.Release|x86.ActiveCfg = Release|Any CPU
		{36D0B0DF-0D41-43C9-BFD4-E9CD930135BE}.Release|x86.Build.0 = Release|Any CPU
		{57585EF1-9083-4FAC-B3ED-ECD4FBDE941F}.Debug|Any CPU.ActiveCfg = Debug|Any CPU
		{57585EF1-9083-4FAC-B3ED-ECD4FBDE941F}.Debug|Any CPU.Build.0 = Debug|Any CPU
		{57585EF1-9083-4FAC-B3ED-ECD4FBDE941F}.Debug|x64.ActiveCfg = Debug|Any CPU
		{57585EF1-9083-4FAC-B3ED-ECD4FBDE941F}.Debug|x64.Build.0 = Debug|Any CPU
		{57585EF1-9083-4FAC-B3ED-ECD4FBDE941F}.Debug|x86.ActiveCfg = Debug|Any CPU
		{57585EF1-9083-4FAC-B3ED-ECD4FBDE941F}.Debug|x86.Build.0 = Debug|Any CPU
		{57585EF1-9083-4FAC-B3ED-ECD4FBDE941F}.Release|Any CPU.ActiveCfg = Release|Any CPU
		{57585EF1-9083-4FAC-B3ED-ECD4FBDE941F}.Release|Any CPU.Build.0 = Release|Any CPU
		{57585EF1-9083-4FAC-B3ED-ECD4FBDE941F}.Release|x64.ActiveCfg = Release|Any CPU
		{57585EF1-9083-4FAC-B3ED-ECD4FBDE941F}.Release|x64.Build.0 = Release|Any CPU
		{57585EF1-9083-4FAC-B3ED-ECD4FBDE941F}.Release|x86.ActiveCfg = Release|Any CPU
		{57585EF1-9083-4FAC-B3ED-ECD4FBDE941F}.Release|x86.Build.0 = Release|Any CPU
		{821DDEB8-240F-45F1-9057-8D2BCCBB8F5E}.Debug|Any CPU.ActiveCfg = Debug|Any CPU
		{821DDEB8-240F-45F1-9057-8D2BCCBB8F5E}.Debug|Any CPU.Build.0 = Debug|Any CPU
		{821DDEB8-240F-45F1-9057-8D2BCCBB8F5E}.Debug|x64.ActiveCfg = Debug|Any CPU
		{821DDEB8-240F-45F1-9057-8D2BCCBB8F5E}.Debug|x64.Build.0 = Debug|Any CPU
		{821DDEB8-240F-45F1-9057-8D2BCCBB8F5E}.Debug|x86.ActiveCfg = Debug|Any CPU
		{821DDEB8-240F-45F1-9057-8D2BCCBB8F5E}.Debug|x86.Build.0 = Debug|Any CPU
		{821DDEB8-240F-45F1-9057-8D2BCCBB8F5E}.Release|Any CPU.ActiveCfg = Release|Any CPU
		{821DDEB8-240F-45F1-9057-8D2BCCBB8F5E}.Release|Any CPU.Build.0 = Release|Any CPU
		{821DDEB8-240F-45F1-9057-8D2BCCBB8F5E}.Release|x64.ActiveCfg = Release|Any CPU
		{821DDEB8-240F-45F1-9057-8D2BCCBB8F5E}.Release|x64.Build.0 = Release|Any CPU
		{821DDEB8-240F-45F1-9057-8D2BCCBB8F5E}.Release|x86.ActiveCfg = Release|Any CPU
		{821DDEB8-240F-45F1-9057-8D2BCCBB8F5E}.Release|x86.Build.0 = Release|Any CPU
		{4AB4CF31-68AB-489A-B649-AC89E67F0248}.Debug|Any CPU.ActiveCfg = Debug|Any CPU
		{4AB4CF31-68AB-489A-B649-AC89E67F0248}.Debug|Any CPU.Build.0 = Debug|Any CPU
		{4AB4CF31-68AB-489A-B649-AC89E67F0248}.Debug|x64.ActiveCfg = Debug|Any CPU
		{4AB4CF31-68AB-489A-B649-AC89E67F0248}.Debug|x64.Build.0 = Debug|Any CPU
		{4AB4CF31-68AB-489A-B649-AC89E67F0248}.Debug|x86.ActiveCfg = Debug|Any CPU
		{4AB4CF31-68AB-489A-B649-AC89E67F0248}.Debug|x86.Build.0 = Debug|Any CPU
		{4AB4CF31-68AB-489A-B649-AC89E67F0248}.Release|Any CPU.ActiveCfg = Release|Any CPU
		{4AB4CF31-68AB-489A-B649-AC89E67F0248}.Release|Any CPU.Build.0 = Release|Any CPU
		{4AB4CF31-68AB-489A-B649-AC89E67F0248}.Release|x64.ActiveCfg = Release|Any CPU
		{4AB4CF31-68AB-489A-B649-AC89E67F0248}.Release|x64.Build.0 = Release|Any CPU
		{4AB4CF31-68AB-489A-B649-AC89E67F0248}.Release|x86.ActiveCfg = Release|Any CPU
		{4AB4CF31-68AB-489A-B649-AC89E67F0248}.Release|x86.Build.0 = Release|Any CPU
		{E433DD5A-3752-459E-9D95-997118EFD7B7}.Debug|Any CPU.ActiveCfg = Debug|Any CPU
		{E433DD5A-3752-459E-9D95-997118EFD7B7}.Debug|Any CPU.Build.0 = Debug|Any CPU
		{E433DD5A-3752-459E-9D95-997118EFD7B7}.Debug|x64.ActiveCfg = Debug|Any CPU
		{E433DD5A-3752-459E-9D95-997118EFD7B7}.Debug|x64.Build.0 = Debug|Any CPU
		{E433DD5A-3752-459E-9D95-997118EFD7B7}.Debug|x86.ActiveCfg = Debug|Any CPU
		{E433DD5A-3752-459E-9D95-997118EFD7B7}.Debug|x86.Build.0 = Debug|Any CPU
		{E433DD5A-3752-459E-9D95-997118EFD7B7}.Release|Any CPU.ActiveCfg = Release|Any CPU
		{E433DD5A-3752-459E-9D95-997118EFD7B7}.Release|Any CPU.Build.0 = Release|Any CPU
		{E433DD5A-3752-459E-9D95-997118EFD7B7}.Release|x64.ActiveCfg = Release|Any CPU
		{E433DD5A-3752-459E-9D95-997118EFD7B7}.Release|x64.Build.0 = Release|Any CPU
		{E433DD5A-3752-459E-9D95-997118EFD7B7}.Release|x86.ActiveCfg = Release|Any CPU
		{E433DD5A-3752-459E-9D95-997118EFD7B7}.Release|x86.Build.0 = Release|Any CPU
		{E93E21EE-D681-4AC0-A558-561A6D94127F}.Debug|Any CPU.ActiveCfg = Debug|Any CPU
		{E93E21EE-D681-4AC0-A558-561A6D94127F}.Debug|Any CPU.Build.0 = Debug|Any CPU
		{E93E21EE-D681-4AC0-A558-561A6D94127F}.Debug|x64.ActiveCfg = Debug|Any CPU
		{E93E21EE-D681-4AC0-A558-561A6D94127F}.Debug|x64.Build.0 = Debug|Any CPU
		{E93E21EE-D681-4AC0-A558-561A6D94127F}.Debug|x86.ActiveCfg = Debug|Any CPU
		{E93E21EE-D681-4AC0-A558-561A6D94127F}.Debug|x86.Build.0 = Debug|Any CPU
		{E93E21EE-D681-4AC0-A558-561A6D94127F}.Release|Any CPU.ActiveCfg = Release|Any CPU
		{E93E21EE-D681-4AC0-A558-561A6D94127F}.Release|Any CPU.Build.0 = Release|Any CPU
		{E93E21EE-D681-4AC0-A558-561A6D94127F}.Release|x64.ActiveCfg = Release|Any CPU
		{E93E21EE-D681-4AC0-A558-561A6D94127F}.Release|x64.Build.0 = Release|Any CPU
		{E93E21EE-D681-4AC0-A558-561A6D94127F}.Release|x86.ActiveCfg = Release|Any CPU
		{E93E21EE-D681-4AC0-A558-561A6D94127F}.Release|x86.Build.0 = Release|Any CPU
		{E0E099CB-D69A-42B2-B04D-7C9FED0B1B0F}.Debug|Any CPU.ActiveCfg = Debug|Any CPU
		{E0E099CB-D69A-42B2-B04D-7C9FED0B1B0F}.Debug|Any CPU.Build.0 = Debug|Any CPU
		{E0E099CB-D69A-42B2-B04D-7C9FED0B1B0F}.Debug|x64.ActiveCfg = Debug|Any CPU
		{E0E099CB-D69A-42B2-B04D-7C9FED0B1B0F}.Debug|x64.Build.0 = Debug|Any CPU
		{E0E099CB-D69A-42B2-B04D-7C9FED0B1B0F}.Debug|x86.ActiveCfg = Debug|Any CPU
		{E0E099CB-D69A-42B2-B04D-7C9FED0B1B0F}.Debug|x86.Build.0 = Debug|Any CPU
		{E0E099CB-D69A-42B2-B04D-7C9FED0B1B0F}.Release|Any CPU.ActiveCfg = Release|Any CPU
		{E0E099CB-D69A-42B2-B04D-7C9FED0B1B0F}.Release|Any CPU.Build.0 = Release|Any CPU
		{E0E099CB-D69A-42B2-B04D-7C9FED0B1B0F}.Release|x64.ActiveCfg = Release|Any CPU
		{E0E099CB-D69A-42B2-B04D-7C9FED0B1B0F}.Release|x64.Build.0 = Release|Any CPU
		{E0E099CB-D69A-42B2-B04D-7C9FED0B1B0F}.Release|x86.ActiveCfg = Release|Any CPU
		{E0E099CB-D69A-42B2-B04D-7C9FED0B1B0F}.Release|x86.Build.0 = Release|Any CPU
		{03DE7B65-A56E-4705-81C3-8906461CAA7F}.Debug|Any CPU.ActiveCfg = Debug|Any CPU
		{03DE7B65-A56E-4705-81C3-8906461CAA7F}.Debug|Any CPU.Build.0 = Debug|Any CPU
		{03DE7B65-A56E-4705-81C3-8906461CAA7F}.Debug|x64.ActiveCfg = Debug|Any CPU
		{03DE7B65-A56E-4705-81C3-8906461CAA7F}.Debug|x64.Build.0 = Debug|Any CPU
		{03DE7B65-A56E-4705-81C3-8906461CAA7F}.Debug|x86.ActiveCfg = Debug|Any CPU
		{03DE7B65-A56E-4705-81C3-8906461CAA7F}.Debug|x86.Build.0 = Debug|Any CPU
		{03DE7B65-A56E-4705-81C3-8906461CAA7F}.Release|Any CPU.ActiveCfg = Release|Any CPU
		{03DE7B65-A56E-4705-81C3-8906461CAA7F}.Release|Any CPU.Build.0 = Release|Any CPU
		{03DE7B65-A56E-4705-81C3-8906461CAA7F}.Release|x64.ActiveCfg = Release|Any CPU
		{03DE7B65-A56E-4705-81C3-8906461CAA7F}.Release|x64.Build.0 = Release|Any CPU
		{03DE7B65-A56E-4705-81C3-8906461CAA7F}.Release|x86.ActiveCfg = Release|Any CPU
		{03DE7B65-A56E-4705-81C3-8906461CAA7F}.Release|x86.Build.0 = Release|Any CPU
		{4F9D9F6B-C96E-42B5-BE07-DB99B9D4964C}.Debug|Any CPU.ActiveCfg = Debug|Any CPU
		{4F9D9F6B-C96E-42B5-BE07-DB99B9D4964C}.Debug|Any CPU.Build.0 = Debug|Any CPU
		{4F9D9F6B-C96E-42B5-BE07-DB99B9D4964C}.Debug|x64.ActiveCfg = Debug|Any CPU
		{4F9D9F6B-C96E-42B5-BE07-DB99B9D4964C}.Debug|x64.Build.0 = Debug|Any CPU
		{4F9D9F6B-C96E-42B5-BE07-DB99B9D4964C}.Debug|x86.ActiveCfg = Debug|Any CPU
		{4F9D9F6B-C96E-42B5-BE07-DB99B9D4964C}.Debug|x86.Build.0 = Debug|Any CPU
		{4F9D9F6B-C96E-42B5-BE07-DB99B9D4964C}.Release|Any CPU.ActiveCfg = Release|Any CPU
		{4F9D9F6B-C96E-42B5-BE07-DB99B9D4964C}.Release|Any CPU.Build.0 = Release|Any CPU
		{4F9D9F6B-C96E-42B5-BE07-DB99B9D4964C}.Release|x64.ActiveCfg = Release|Any CPU
		{4F9D9F6B-C96E-42B5-BE07-DB99B9D4964C}.Release|x64.Build.0 = Release|Any CPU
		{4F9D9F6B-C96E-42B5-BE07-DB99B9D4964C}.Release|x86.ActiveCfg = Release|Any CPU
		{4F9D9F6B-C96E-42B5-BE07-DB99B9D4964C}.Release|x86.Build.0 = Release|Any CPU
		{1006DED9-9688-417F-B5B9-62D0E8493ADE}.Debug|Any CPU.ActiveCfg = Debug|Any CPU
		{1006DED9-9688-417F-B5B9-62D0E8493ADE}.Debug|Any CPU.Build.0 = Debug|Any CPU
		{1006DED9-9688-417F-B5B9-62D0E8493ADE}.Debug|x64.ActiveCfg = Debug|Any CPU
		{1006DED9-9688-417F-B5B9-62D0E8493ADE}.Debug|x64.Build.0 = Debug|Any CPU
		{1006DED9-9688-417F-B5B9-62D0E8493ADE}.Debug|x86.ActiveCfg = Debug|Any CPU
		{1006DED9-9688-417F-B5B9-62D0E8493ADE}.Debug|x86.Build.0 = Debug|Any CPU
		{1006DED9-9688-417F-B5B9-62D0E8493ADE}.Release|Any CPU.ActiveCfg = Release|Any CPU
		{1006DED9-9688-417F-B5B9-62D0E8493ADE}.Release|Any CPU.Build.0 = Release|Any CPU
		{1006DED9-9688-417F-B5B9-62D0E8493ADE}.Release|x64.ActiveCfg = Release|Any CPU
		{1006DED9-9688-417F-B5B9-62D0E8493ADE}.Release|x64.Build.0 = Release|Any CPU
		{1006DED9-9688-417F-B5B9-62D0E8493ADE}.Release|x86.ActiveCfg = Release|Any CPU
		{1006DED9-9688-417F-B5B9-62D0E8493ADE}.Release|x86.Build.0 = Release|Any CPU
		{F40EB7A1-5EE4-4193-8180-82165DACCA00}.Debug|Any CPU.ActiveCfg = Debug|Any CPU
		{F40EB7A1-5EE4-4193-8180-82165DACCA00}.Debug|Any CPU.Build.0 = Debug|Any CPU
		{F40EB7A1-5EE4-4193-8180-82165DACCA00}.Debug|x64.ActiveCfg = Debug|Any CPU
		{F40EB7A1-5EE4-4193-8180-82165DACCA00}.Debug|x64.Build.0 = Debug|Any CPU
		{F40EB7A1-5EE4-4193-8180-82165DACCA00}.Debug|x86.ActiveCfg = Debug|Any CPU
		{F40EB7A1-5EE4-4193-8180-82165DACCA00}.Debug|x86.Build.0 = Debug|Any CPU
		{F40EB7A1-5EE4-4193-8180-82165DACCA00}.Release|Any CPU.ActiveCfg = Release|Any CPU
		{F40EB7A1-5EE4-4193-8180-82165DACCA00}.Release|Any CPU.Build.0 = Release|Any CPU
		{F40EB7A1-5EE4-4193-8180-82165DACCA00}.Release|x64.ActiveCfg = Release|Any CPU
		{F40EB7A1-5EE4-4193-8180-82165DACCA00}.Release|x64.Build.0 = Release|Any CPU
		{F40EB7A1-5EE4-4193-8180-82165DACCA00}.Release|x86.ActiveCfg = Release|Any CPU
		{F40EB7A1-5EE4-4193-8180-82165DACCA00}.Release|x86.Build.0 = Release|Any CPU
		{55398DAA-DFC0-43BF-BE3E-AC16431720CE}.Debug|Any CPU.ActiveCfg = Debug|Any CPU
		{55398DAA-DFC0-43BF-BE3E-AC16431720CE}.Debug|Any CPU.Build.0 = Debug|Any CPU
		{55398DAA-DFC0-43BF-BE3E-AC16431720CE}.Debug|x64.ActiveCfg = Debug|Any CPU
		{55398DAA-DFC0-43BF-BE3E-AC16431720CE}.Debug|x64.Build.0 = Debug|Any CPU
		{55398DAA-DFC0-43BF-BE3E-AC16431720CE}.Debug|x86.ActiveCfg = Debug|Any CPU
		{55398DAA-DFC0-43BF-BE3E-AC16431720CE}.Debug|x86.Build.0 = Debug|Any CPU
		{55398DAA-DFC0-43BF-BE3E-AC16431720CE}.Release|Any CPU.ActiveCfg = Release|Any CPU
		{55398DAA-DFC0-43BF-BE3E-AC16431720CE}.Release|Any CPU.Build.0 = Release|Any CPU
		{55398DAA-DFC0-43BF-BE3E-AC16431720CE}.Release|x64.ActiveCfg = Release|Any CPU
		{55398DAA-DFC0-43BF-BE3E-AC16431720CE}.Release|x64.Build.0 = Release|Any CPU
		{55398DAA-DFC0-43BF-BE3E-AC16431720CE}.Release|x86.ActiveCfg = Release|Any CPU
		{55398DAA-DFC0-43BF-BE3E-AC16431720CE}.Release|x86.Build.0 = Release|Any CPU
		{C1F9789D-B77E-4EEA-BADC-48F0C0A7974A}.Debug|Any CPU.ActiveCfg = Debug|Any CPU
		{C1F9789D-B77E-4EEA-BADC-48F0C0A7974A}.Debug|Any CPU.Build.0 = Debug|Any CPU
		{C1F9789D-B77E-4EEA-BADC-48F0C0A7974A}.Debug|x64.ActiveCfg = Debug|Any CPU
		{C1F9789D-B77E-4EEA-BADC-48F0C0A7974A}.Debug|x64.Build.0 = Debug|Any CPU
		{C1F9789D-B77E-4EEA-BADC-48F0C0A7974A}.Debug|x86.ActiveCfg = Debug|Any CPU
		{C1F9789D-B77E-4EEA-BADC-48F0C0A7974A}.Debug|x86.Build.0 = Debug|Any CPU
		{C1F9789D-B77E-4EEA-BADC-48F0C0A7974A}.Release|Any CPU.ActiveCfg = Release|Any CPU
		{C1F9789D-B77E-4EEA-BADC-48F0C0A7974A}.Release|Any CPU.Build.0 = Release|Any CPU
		{C1F9789D-B77E-4EEA-BADC-48F0C0A7974A}.Release|x64.ActiveCfg = Release|Any CPU
		{C1F9789D-B77E-4EEA-BADC-48F0C0A7974A}.Release|x64.Build.0 = Release|Any CPU
		{C1F9789D-B77E-4EEA-BADC-48F0C0A7974A}.Release|x86.ActiveCfg = Release|Any CPU
		{C1F9789D-B77E-4EEA-BADC-48F0C0A7974A}.Release|x86.Build.0 = Release|Any CPU
		{35B0CA99-D12C-4821-BBD4-BA4389319279}.Debug|Any CPU.ActiveCfg = Debug|Any CPU
		{35B0CA99-D12C-4821-BBD4-BA4389319279}.Debug|Any CPU.Build.0 = Debug|Any CPU
		{35B0CA99-D12C-4821-BBD4-BA4389319279}.Debug|x64.ActiveCfg = Debug|Any CPU
		{35B0CA99-D12C-4821-BBD4-BA4389319279}.Debug|x64.Build.0 = Debug|Any CPU
		{35B0CA99-D12C-4821-BBD4-BA4389319279}.Debug|x86.ActiveCfg = Debug|Any CPU
		{35B0CA99-D12C-4821-BBD4-BA4389319279}.Debug|x86.Build.0 = Debug|Any CPU
		{35B0CA99-D12C-4821-BBD4-BA4389319279}.Release|Any CPU.ActiveCfg = Release|Any CPU
		{35B0CA99-D12C-4821-BBD4-BA4389319279}.Release|Any CPU.Build.0 = Release|Any CPU
		{35B0CA99-D12C-4821-BBD4-BA4389319279}.Release|x64.ActiveCfg = Release|Any CPU
		{35B0CA99-D12C-4821-BBD4-BA4389319279}.Release|x64.Build.0 = Release|Any CPU
		{35B0CA99-D12C-4821-BBD4-BA4389319279}.Release|x86.ActiveCfg = Release|Any CPU
		{35B0CA99-D12C-4821-BBD4-BA4389319279}.Release|x86.Build.0 = Release|Any CPU
		{00A139C6-4AE7-4459-87F2-2B5D810EB1AC}.Debug|Any CPU.ActiveCfg = Debug|Any CPU
		{00A139C6-4AE7-4459-87F2-2B5D810EB1AC}.Debug|Any CPU.Build.0 = Debug|Any CPU
		{00A139C6-4AE7-4459-87F2-2B5D810EB1AC}.Debug|x64.ActiveCfg = Debug|Any CPU
		{00A139C6-4AE7-4459-87F2-2B5D810EB1AC}.Debug|x64.Build.0 = Debug|Any CPU
		{00A139C6-4AE7-4459-87F2-2B5D810EB1AC}.Debug|x86.ActiveCfg = Debug|Any CPU
		{00A139C6-4AE7-4459-87F2-2B5D810EB1AC}.Debug|x86.Build.0 = Debug|Any CPU
		{00A139C6-4AE7-4459-87F2-2B5D810EB1AC}.Release|Any CPU.ActiveCfg = Release|Any CPU
		{00A139C6-4AE7-4459-87F2-2B5D810EB1AC}.Release|Any CPU.Build.0 = Release|Any CPU
		{00A139C6-4AE7-4459-87F2-2B5D810EB1AC}.Release|x64.ActiveCfg = Release|Any CPU
		{00A139C6-4AE7-4459-87F2-2B5D810EB1AC}.Release|x64.Build.0 = Release|Any CPU
		{00A139C6-4AE7-4459-87F2-2B5D810EB1AC}.Release|x86.ActiveCfg = Release|Any CPU
		{00A139C6-4AE7-4459-87F2-2B5D810EB1AC}.Release|x86.Build.0 = Release|Any CPU
		{9EF33C95-4839-4B41-B584-7B99A1C652C7}.Debug|Any CPU.ActiveCfg = Debug|Any CPU
		{9EF33C95-4839-4B41-B584-7B99A1C652C7}.Debug|Any CPU.Build.0 = Debug|Any CPU
		{9EF33C95-4839-4B41-B584-7B99A1C652C7}.Debug|x64.ActiveCfg = Debug|Any CPU
		{9EF33C95-4839-4B41-B584-7B99A1C652C7}.Debug|x64.Build.0 = Debug|Any CPU
		{9EF33C95-4839-4B41-B584-7B99A1C652C7}.Debug|x86.ActiveCfg = Debug|Any CPU
		{9EF33C95-4839-4B41-B584-7B99A1C652C7}.Debug|x86.Build.0 = Debug|Any CPU
		{9EF33C95-4839-4B41-B584-7B99A1C652C7}.Release|Any CPU.ActiveCfg = Release|Any CPU
		{9EF33C95-4839-4B41-B584-7B99A1C652C7}.Release|Any CPU.Build.0 = Release|Any CPU
		{9EF33C95-4839-4B41-B584-7B99A1C652C7}.Release|x64.ActiveCfg = Release|Any CPU
		{9EF33C95-4839-4B41-B584-7B99A1C652C7}.Release|x64.Build.0 = Release|Any CPU
		{9EF33C95-4839-4B41-B584-7B99A1C652C7}.Release|x86.ActiveCfg = Release|Any CPU
		{9EF33C95-4839-4B41-B584-7B99A1C652C7}.Release|x86.Build.0 = Release|Any CPU
		{53C4778C-9C4F-4D4F-8BFE-F49514160489}.Debug|Any CPU.ActiveCfg = Debug|Any CPU
		{53C4778C-9C4F-4D4F-8BFE-F49514160489}.Debug|Any CPU.Build.0 = Debug|Any CPU
		{53C4778C-9C4F-4D4F-8BFE-F49514160489}.Debug|x64.ActiveCfg = Debug|Any CPU
		{53C4778C-9C4F-4D4F-8BFE-F49514160489}.Debug|x64.Build.0 = Debug|Any CPU
		{53C4778C-9C4F-4D4F-8BFE-F49514160489}.Debug|x86.ActiveCfg = Debug|Any CPU
		{53C4778C-9C4F-4D4F-8BFE-F49514160489}.Debug|x86.Build.0 = Debug|Any CPU
		{53C4778C-9C4F-4D4F-8BFE-F49514160489}.Release|Any CPU.ActiveCfg = Release|Any CPU
		{53C4778C-9C4F-4D4F-8BFE-F49514160489}.Release|Any CPU.Build.0 = Release|Any CPU
		{53C4778C-9C4F-4D4F-8BFE-F49514160489}.Release|x64.ActiveCfg = Release|Any CPU
		{53C4778C-9C4F-4D4F-8BFE-F49514160489}.Release|x64.Build.0 = Release|Any CPU
		{53C4778C-9C4F-4D4F-8BFE-F49514160489}.Release|x86.ActiveCfg = Release|Any CPU
		{53C4778C-9C4F-4D4F-8BFE-F49514160489}.Release|x86.Build.0 = Release|Any CPU
		{3D3396D0-4478-48E1-A813-1890ADFD1A98}.Debug|Any CPU.ActiveCfg = Debug|Any CPU
		{3D3396D0-4478-48E1-A813-1890ADFD1A98}.Debug|Any CPU.Build.0 = Debug|Any CPU
		{3D3396D0-4478-48E1-A813-1890ADFD1A98}.Debug|x64.ActiveCfg = Debug|Any CPU
		{3D3396D0-4478-48E1-A813-1890ADFD1A98}.Debug|x64.Build.0 = Debug|Any CPU
		{3D3396D0-4478-48E1-A813-1890ADFD1A98}.Debug|x86.ActiveCfg = Debug|Any CPU
		{3D3396D0-4478-48E1-A813-1890ADFD1A98}.Debug|x86.Build.0 = Debug|Any CPU
		{3D3396D0-4478-48E1-A813-1890ADFD1A98}.Release|Any CPU.ActiveCfg = Release|Any CPU
		{3D3396D0-4478-48E1-A813-1890ADFD1A98}.Release|Any CPU.Build.0 = Release|Any CPU
		{3D3396D0-4478-48E1-A813-1890ADFD1A98}.Release|x64.ActiveCfg = Release|Any CPU
		{3D3396D0-4478-48E1-A813-1890ADFD1A98}.Release|x64.Build.0 = Release|Any CPU
		{3D3396D0-4478-48E1-A813-1890ADFD1A98}.Release|x86.ActiveCfg = Release|Any CPU
		{3D3396D0-4478-48E1-A813-1890ADFD1A98}.Release|x86.Build.0 = Release|Any CPU
		{A54A984F-E3F9-433C-8225-CBE9AB969823}.Debug|Any CPU.ActiveCfg = Debug|Any CPU
		{A54A984F-E3F9-433C-8225-CBE9AB969823}.Debug|Any CPU.Build.0 = Debug|Any CPU
		{A54A984F-E3F9-433C-8225-CBE9AB969823}.Debug|x64.ActiveCfg = Debug|Any CPU
		{A54A984F-E3F9-433C-8225-CBE9AB969823}.Debug|x64.Build.0 = Debug|Any CPU
		{A54A984F-E3F9-433C-8225-CBE9AB969823}.Debug|x86.ActiveCfg = Debug|Any CPU
		{A54A984F-E3F9-433C-8225-CBE9AB969823}.Debug|x86.Build.0 = Debug|Any CPU
		{A54A984F-E3F9-433C-8225-CBE9AB969823}.Release|Any CPU.ActiveCfg = Release|Any CPU
		{A54A984F-E3F9-433C-8225-CBE9AB969823}.Release|Any CPU.Build.0 = Release|Any CPU
		{A54A984F-E3F9-433C-8225-CBE9AB969823}.Release|x64.ActiveCfg = Release|Any CPU
		{A54A984F-E3F9-433C-8225-CBE9AB969823}.Release|x64.Build.0 = Release|Any CPU
		{A54A984F-E3F9-433C-8225-CBE9AB969823}.Release|x86.ActiveCfg = Release|Any CPU
		{A54A984F-E3F9-433C-8225-CBE9AB969823}.Release|x86.Build.0 = Release|Any CPU
	EndGlobalSection
	GlobalSection(SolutionProperties) = preSolution
		HideSolutionNode = FALSE
	EndGlobalSection
EndGlobal
